
Microsoft Visual Studio Solution File, Format Version 12.00
# Visual Studio Version 16
VisualStudioVersion = 16.0.35229.62
MinimumVisualStudioVersion = 10.0.40219.1
Project("{FAE04EC0-301F-11D3-BF4B-00C04F79EFBC}") = "Bai9", "Bai9\Bai9.csproj", "{7357F887-8791-4728-BE23-A1F8AB24CD90}"
EndProject
Global
	GlobalSection(SolutionConfigurationPlatforms) = preSolution
		Debug|Any CPU = Debug|Any CPU
		Release|Any CPU = Release|Any CPU
	EndGlobalSection
	GlobalSection(ProjectConfigurationPlatforms) = postSolution
		{7357F887-8791-4728-BE23-A1F8AB24CD90}.Debug|Any CPU.ActiveCfg = Debug|Any CPU
		{7357F887-8791-4728-BE23-A1F8AB24CD90}.Debug|Any CPU.Build.0 = Debug|Any CPU
		{7357F887-8791-4728-BE23-A1F8AB24CD90}.Release|Any CPU.ActiveCfg = Release|Any CPU
		{7357F887-8791-4728-BE23-A1F8AB24CD90}.Release|Any CPU.Build.0 = Release|Any CPU
	EndGlobalSection
	GlobalSection(SolutionProperties) = preSolution
		HideSolutionNode = FALSE
	EndGlobalSection
	GlobalSection(ExtensibilityGlobals) = postSolution
		SolutionGuid = {8B7BC119-12D4-4802-AE17-84409D4963F2}
	EndGlobalSection
EndGlobal
