
Microsoft Visual Studio Solution File, Format Version 12.00
# Visual Studio Version 16
VisualStudioVersion = 16.0.35229.62
MinimumVisualStudioVersion = 10.0.40219.1
Project("{FAE04EC0-301F-11D3-BF4B-00C04F79EFBC}") = "Bai7", "Bai7\Bai7.csproj", "{409479CA-377C-459F-8EFB-5409A592726E}"
EndProject
Global
	GlobalSection(SolutionConfigurationPlatforms) = preSolution
		Debug|Any CPU = Debug|Any CPU
		Release|Any CPU = Release|Any CPU
	EndGlobalSection
	GlobalSection(ProjectConfigurationPlatforms) = postSolution
		{409479CA-377C-459F-8EFB-5409A592726E}.Debug|Any CPU.ActiveCfg = Debug|Any CPU
		{409479CA-377C-459F-8EFB-5409A592726E}.Debug|Any CPU.Build.0 = Debug|Any CPU
		{409479CA-377C-459F-8EFB-5409A592726E}.Release|Any CPU.ActiveCfg = Release|Any CPU
		{409479CA-377C-459F-8EFB-5409A592726E}.Release|Any CPU.Build.0 = Release|Any CPU
	EndGlobalSection
	GlobalSection(SolutionProperties) = preSolution
		HideSolutionNode = FALSE
	EndGlobalSection
	GlobalSection(ExtensibilityGlobals) = postSolution
		SolutionGuid = {8ABA5B88-2169-4970-90A9-91540CEC784B}
	EndGlobalSection
EndGlobal
