
Microsoft Visual Studio Solution File, Format Version 12.00
# Visual Studio Version 16
VisualStudioVersion = 16.0.35229.62
MinimumVisualStudioVersion = 10.0.40219.1
Project("{FAE04EC0-301F-11D3-BF4B-00C04F79EFBC}") = "Bai10", "Bai10\Bai10.csproj", "{DDBA8CC7-AA7F-4424-8DC5-A3D7D99D36CB}"
EndProject
Global
	GlobalSection(SolutionConfigurationPlatforms) = preSolution
		Debug|Any CPU = Debug|Any CPU
		Release|Any CPU = Release|Any CPU
	EndGlobalSection
	GlobalSection(ProjectConfigurationPlatforms) = postSolution
		{DDBA8CC7-AA7F-4424-8DC5-A3D7D99D36CB}.Debug|Any CPU.ActiveCfg = Debug|Any CPU
		{DDBA8CC7-AA7F-4424-8DC5-A3D7D99D36CB}.Debug|Any CPU.Build.0 = Debug|Any CPU
		{DDBA8CC7-AA7F-4424-8DC5-A3D7D99D36CB}.Release|Any CPU.ActiveCfg = Release|Any CPU
		{DDBA8CC7-AA7F-4424-8DC5-A3D7D99D36CB}.Release|Any CPU.Build.0 = Release|Any CPU
	EndGlobalSection
	GlobalSection(SolutionProperties) = preSolution
		HideSolutionNode = FALSE
	EndGlobalSection
	GlobalSection(ExtensibilityGlobals) = postSolution
		SolutionGuid = {ABE9B88B-A991-4A1B-BD6A-3ECC15BA456F}
	EndGlobalSection
EndGlobal
